
Microsoft Visual Studio Solution File, Format Version 12.00
# Visual Studio 15
VisualStudioVersion = 15.0.27428.2015
MinimumVisualStudioVersion = 10.0.40219.1
Project("{FAE04EC0-301F-11D3-BF4B-00C04F79EFBC}") = "JukeboxMain", "JukeboxMain\JukeboxMain.csproj", "{55ED4F37-CFF0-4AE3-ABDA-6A8A27684549}"
EndProject
Global
	GlobalSection(SolutionConfigurationPlatforms) = preSolution
		Debug|Any CPU = Debug|Any CPU
		Release|Any CPU = Release|Any CPU
	EndGlobalSection
	GlobalSection(ProjectConfigurationPlatforms) = postSolution
		{55ED4F37-CFF0-4AE3-ABDA-6A8A27684549}.Debug|Any CPU.ActiveCfg = Debug|Any CPU
		{55ED4F37-CFF0-4AE3-ABDA-6A8A27684549}.Debug|Any CPU.Build.0 = Debug|Any CPU
		{55ED4F37-CFF0-4AE3-ABDA-6A8A27684549}.Release|Any CPU.ActiveCfg = Release|Any CPU
		{55ED4F37-CFF0-4AE3-ABDA-6A8A27684549}.Release|Any CPU.Build.0 = Release|Any CPU
	EndGlobalSection
	GlobalSection(SolutionProperties) = preSolution
		HideSolutionNode = FALSE
	EndGlobalSection
	GlobalSection(ExtensibilityGlobals) = postSolution
		SolutionGuid = {DEDBA341-FE3D-4374-BB1D-1F36AF9F2086}
	EndGlobalSection
EndGlobal
